// !$*UTF8*$!
{
	archiveVersion = 1;
	classes = {
	};
	objectVersion = 56;
	objects = {

/* Begin PBXBuildFile section */
		76AD04172A32B87100AB14A5 /* ObjectCaptureApp.swift in Sources */ = {isa = PBXBuildFile; fileRef = 76AD04162A32B87100AB14A5 /* ObjectCaptureApp.swift */; };
		76AD04192A32B87100AB14A5 /* ContentView.swift in Sources */ = {isa = PBXBuildFile; fileRef = 76AD04182A32B87100AB14A5 /* ContentView.swift */; };
		76AD041B2A32B87200AB14A5 /* Assets.xcassets in Resources */ = {isa = PBXBuildFile; fileRef = 76AD041A2A32B87200AB14A5 /* Assets.xcassets */; };
		76AD041E2A32B87200AB14A5 /* Preview Assets.xcassets in Resources */ = {isa = PBXBuildFile; fileRef = 76AD041D2A32B87200AB14A5 /* Preview Assets.xcassets */; };
		76AD04282A32B87200AB14A5 /* ObjectCaptureTests.swift in Sources */ = {isa = PBXBuildFile; fileRef = 76AD04272A32B87200AB14A5 /* ObjectCaptureTests.swift */; };
		76AD04322A32B87200AB14A5 /* ObjectCaptureUITests.swift in Sources */ = {isa = PBXBuildFile; fileRef = 76AD04312A32B87200AB14A5 /* ObjectCaptureUITests.swift */; };
		76AD04342A32B87200AB14A5 /* ObjectCaptureUITestsLaunchTests.swift in Sources */ = {isa = PBXBuildFile; fileRef = 76AD04332A32B87200AB14A5 /* ObjectCaptureUITestsLaunchTests.swift */; };
		76AD04412A32DF5100AB14A5 /* ObjectCaptureViewModel.swift in Sources */ = {isa = PBXBuildFile; fileRef = 76AD04402A32DF5100AB14A5 /* ObjectCaptureViewModel.swift */; };
		76AD044A2A3325BA00AB14A5 /* ObjectCaptureView.swift in Sources */ = {isa = PBXBuildFile; fileRef = 76AD04492A3325BA00AB14A5 /* ObjectCaptureView.swift */; };
		76AE00FA2A3BFA1200C8E584 /* ReconstructionProgressView.swift in Sources */ = {isa = PBXBuildFile; fileRef = 76AE00F92A3BFA1200C8E584 /* ReconstructionProgressView.swift */; };
		76AE01162A3C076900C8E584 /* ObjectCaptureSubViews.swift in Sources */ = {isa = PBXBuildFile; fileRef = 76AE01152A3C076900C8E584 /* ObjectCaptureSubViews.swift */; };
		76AE01202A3C354600C8E584 /* CaptureFolderState.swift in Sources */ = {isa = PBXBuildFile; fileRef = 76AE011F2A3C354600C8E584 /* CaptureFolderState.swift */; };
		76AE01222A3C3AAF00C8E584 /* CaptureInfo.swift in Sources */ = {isa = PBXBuildFile; fileRef = 76AE01212A3C3AAF00C8E584 /* CaptureInfo.swift */; };
		76AE01262A3C412400C8E584 /* ARQuicklookView.swift in Sources */ = {isa = PBXBuildFile; fileRef = 76AE01252A3C412400C8E584 /* ARQuicklookView.swift */; };
		76AE01282A3FF62300C8E584 /* Extensions.swift in Sources */ = {isa = PBXBuildFile; fileRef = 76AE01272A3FF62300C8E584 /* Extensions.swift */; };
		76AE013A2A4031DE00C8E584 /* Localizable.xcstrings in Resources */ = {isa = PBXBuildFile; fileRef = 76AE01392A4031DE00C8E584 /* Localizable.xcstrings */; };
/* End PBXBuildFile section */

/* Begin PBXContainerItemProxy section */
		76AD04242A32B87200AB14A5 /* PBXContainerItemProxy */ = {
			isa = PBXContainerItemProxy;
			containerPortal = 76AD040B2A32B87100AB14A5 /* Project object */;
			proxyType = 1;
			remoteGlobalIDString = 76AD04122A32B87100AB14A5;
			remoteInfo = ObjectCapture;
		};
		76AD042E2A32B87200AB14A5 /* PBXContainerItemProxy */ = {
			isa = PBXContainerItemProxy;
			containerPortal = 76AD040B2A32B87100AB14A5 /* Project object */;
			proxyType = 1;
			remoteGlobalIDString = 76AD04122A32B87100AB14A5;
			remoteInfo = ObjectCapture;
		};
/* End PBXContainerItemProxy section */

/* Begin PBXFileReference section */
		76AD04132A32B87100AB14A5 /* ObjectCapture.app */ = {isa = PBXFileReference; explicitFileType = wrapper.application; includeInIndex = 0; path = ObjectCapture.app; sourceTree = BUILT_PRODUCTS_DIR; };
		76AD04162A32B87100AB14A5 /* ObjectCaptureApp.swift */ = {isa = PBXFileReference; lastKnownFileType = sourcecode.swift; path = ObjectCaptureApp.swift; sourceTree = "<group>"; };
		76AD04182A32B87100AB14A5 /* ContentView.swift */ = {isa = PBXFileReference; lastKnownFileType = sourcecode.swift; path = ContentView.swift; sourceTree = "<group>"; };
		76AD041A2A32B87200AB14A5 /* Assets.xcassets */ = {isa = PBXFileReference; lastKnownFileType = folder.assetcatalog; path = Assets.xcassets; sourceTree = "<group>"; };
		76AD041D2A32B87200AB14A5 /* Preview Assets.xcassets */ = {isa = PBXFileReference; lastKnownFileType = folder.assetcatalog; path = "Preview Assets.xcassets"; sourceTree = "<group>"; };
		76AD04232A32B87200AB14A5 /* ObjectCaptureTests.xctest */ = {isa = PBXFileReference; explicitFileType = wrapper.cfbundle; includeInIndex = 0; path = ObjectCaptureTests.xctest; sourceTree = BUILT_PRODUCTS_DIR; };
		76AD04272A32B87200AB14A5 /* ObjectCaptureTests.swift */ = {isa = PBXFileReference; lastKnownFileType = sourcecode.swift; path = ObjectCaptureTests.swift; sourceTree = "<group>"; };
		76AD042D2A32B87200AB14A5 /* ObjectCaptureUITests.xctest */ = {isa = PBXFileReference; explicitFileType = wrapper.cfbundle; includeInIndex = 0; path = ObjectCaptureUITests.xctest; sourceTree = BUILT_PRODUCTS_DIR; };
		76AD04312A32B87200AB14A5 /* ObjectCaptureUITests.swift */ = {isa = PBXFileReference; lastKnownFileType = sourcecode.swift; path = ObjectCaptureUITests.swift; sourceTree = "<group>"; };
		76AD04332A32B87200AB14A5 /* ObjectCaptureUITestsLaunchTests.swift */ = {isa = PBXFileReference; lastKnownFileType = sourcecode.swift; path = ObjectCaptureUITestsLaunchTests.swift; sourceTree = "<group>"; };
		76AD04402A32DF5100AB14A5 /* ObjectCaptureViewModel.swift */ = {isa = PBXFileReference; lastKnownFileType = sourcecode.swift; path = ObjectCaptureViewModel.swift; sourceTree = "<group>"; };
		76AD04442A32FDBC00AB14A5 /* Info.plist */ = {isa = PBXFileReference; lastKnownFileType = text.plist; path = Info.plist; sourceTree = "<group>"; };
		76AD04492A3325BA00AB14A5 /* ObjectCaptureView.swift */ = {isa = PBXFileReference; lastKnownFileType = sourcecode.swift; path = ObjectCaptureView.swift; sourceTree = "<group>"; };
		76AE00F92A3BFA1200C8E584 /* ReconstructionProgressView.swift */ = {isa = PBXFileReference; lastKnownFileType = sourcecode.swift; path = ReconstructionProgressView.swift; sourceTree = "<group>"; };
		76AE01152A3C076900C8E584 /* ObjectCaptureSubViews.swift */ = {isa = PBXFileReference; lastKnownFileType = sourcecode.swift; path = ObjectCaptureSubViews.swift; sourceTree = "<group>"; };
		76AE011F2A3C354600C8E584 /* CaptureFolderState.swift */ = {isa = PBXFileReference; lastKnownFileType = sourcecode.swift; path = CaptureFolderState.swift; sourceTree = "<group>"; };
		76AE01212A3C3AAF00C8E584 /* CaptureInfo.swift */ = {isa = PBXFileReference; lastKnownFileType = sourcecode.swift; path = CaptureInfo.swift; sourceTree = "<group>"; };
		76AE01252A3C412400C8E584 /* ARQuicklookView.swift */ = {isa = PBXFileReference; lastKnownFileType = sourcecode.swift; path = ARQuicklookView.swift; sourceTree = "<group>"; };
		76AE01272A3FF62300C8E584 /* Extensions.swift */ = {isa = PBXFileReference; lastKnownFileType = sourcecode.swift; path = Extensions.swift; sourceTree = "<group>"; };
		76AE01392A4031DE00C8E584 /* Localizable.xcstrings */ = {isa = PBXFileReference; lastKnownFileType = text.json.xcstrings; path = Localizable.xcstrings; sourceTree = "<group>"; };
/* End PBXFileReference section */

/* Begin PBXFrameworksBuildPhase section */
		76AD04102A32B87100AB14A5 /* Frameworks */ = {
			isa = PBXFrameworksBuildPhase;
			buildActionMask = 2147483647;
			files = (
			);
			runOnlyForDeploymentPostprocessing = 0;
		};
		76AD04202A32B87200AB14A5 /* Frameworks */ = {
			isa = PBXFrameworksBuildPhase;
			buildActionMask = 2147483647;
			files = (
			);
			runOnlyForDeploymentPostprocessing = 0;
		};
		76AD042A2A32B87200AB14A5 /* Frameworks */ = {
			isa = PBXFrameworksBuildPhase;
			buildActionMask = 2147483647;
			files = (
			);
			runOnlyForDeploymentPostprocessing = 0;
		};
/* End PBXFrameworksBuildPhase section */

/* Begin PBXGroup section */
		76AD040A2A32B87100AB14A5 = {
			isa = PBXGroup;
			children = (
				76AD04152A32B87100AB14A5 /* ObjectCapture */,
				76AD04262A32B87200AB14A5 /* ObjectCaptureTests */,
				76AD04302A32B87200AB14A5 /* ObjectCaptureUITests */,
				76AD04142A32B87100AB14A5 /* Products */,
			);
			sourceTree = "<group>";
		};
		76AD04142A32B87100AB14A5 /* Products */ = {
			isa = PBXGroup;
			children = (
				76AD04132A32B87100AB14A5 /* ObjectCapture.app */,
				76AD04232A32B87200AB14A5 /* ObjectCaptureTests.xctest */,
				76AD042D2A32B87200AB14A5 /* ObjectCaptureUITests.xctest */,
			);
			name = Products;
			sourceTree = "<group>";
		};
		76AD04152A32B87100AB14A5 /* ObjectCapture */ = {
			isa = PBXGroup;
			children = (
				76AE011E2A3C352B00C8E584 /* Model */,
				76AD04472A330FB600AB14A5 /* View */,
				76AD04442A32FDBC00AB14A5 /* Info.plist */,
				76AE01272A3FF62300C8E584 /* Extensions.swift */,
				76AD04162A32B87100AB14A5 /* ObjectCaptureApp.swift */,
				76AD04182A32B87100AB14A5 /* ContentView.swift */,
				76AD041A2A32B87200AB14A5 /* Assets.xcassets */,
				76AD041C2A32B87200AB14A5 /* Preview Content */,
				76AE01392A4031DE00C8E584 /* Localizable.xcstrings */,
			);
			path = ObjectCapture;
			sourceTree = "<group>";
		};
		76AD041C2A32B87200AB14A5 /* Preview Content */ = {
			isa = PBXGroup;
			children = (
				76AD041D2A32B87200AB14A5 /* Preview Assets.xcassets */,
			);
			path = "Preview Content";
			sourceTree = "<group>";
		};
		76AD04262A32B87200AB14A5 /* ObjectCaptureTests */ = {
			isa = PBXGroup;
			children = (
				76AD04272A32B87200AB14A5 /* ObjectCaptureTests.swift */,
			);
			path = ObjectCaptureTests;
			sourceTree = "<group>";
		};
		76AD04302A32B87200AB14A5 /* ObjectCaptureUITests */ = {
			isa = PBXGroup;
			children = (
				76AD04312A32B87200AB14A5 /* ObjectCaptureUITests.swift */,
				76AD04332A32B87200AB14A5 /* ObjectCaptureUITestsLaunchTests.swift */,
			);
			path = ObjectCaptureUITests;
			sourceTree = "<group>";
		};
		76AD04472A330FB600AB14A5 /* View */ = {
			isa = PBXGroup;
			children = (
				76AD04402A32DF5100AB14A5 /* ObjectCaptureViewModel.swift */,
				76AD04492A3325BA00AB14A5 /* ObjectCaptureView.swift */,
				76AE00F92A3BFA1200C8E584 /* ReconstructionProgressView.swift */,
				76AE01152A3C076900C8E584 /* ObjectCaptureSubViews.swift */,
				76AE01252A3C412400C8E584 /* ARQuicklookView.swift */,
			);
			path = View;
			sourceTree = "<group>";
		};
		76AE011E2A3C352B00C8E584 /* Model */ = {
			isa = PBXGroup;
			children = (
				76AE011F2A3C354600C8E584 /* CaptureFolderState.swift */,
				76AE01212A3C3AAF00C8E584 /* CaptureInfo.swift */,
			);
			path = Model;
			sourceTree = "<group>";
		};
/* End PBXGroup section */

/* Begin PBXNativeTarget section */
		76AD04122A32B87100AB14A5 /* ObjectCapture */ = {
			isa = PBXNativeTarget;
			buildConfigurationList = 76AD04372A32B87200AB14A5 /* Build configuration list for PBXNativeTarget "ObjectCapture" */;
			buildPhases = (
				76AD040F2A32B87100AB14A5 /* Sources */,
				76AD04102A32B87100AB14A5 /* Frameworks */,
				76AD04112A32B87100AB14A5 /* Resources */,
			);
			buildRules = (
			);
			dependencies = (
			);
			name = ObjectCapture;
			packageProductDependencies = (
			);
			productName = ObjectCapture;
			productReference = 76AD04132A32B87100AB14A5 /* ObjectCapture.app */;
			productType = "com.apple.product-type.application";
		};
		76AD04222A32B87200AB14A5 /* ObjectCaptureTests */ = {
			isa = PBXNativeTarget;
			buildConfigurationList = 76AD043A2A32B87200AB14A5 /* Build configuration list for PBXNativeTarget "ObjectCaptureTests" */;
			buildPhases = (
				76AD041F2A32B87200AB14A5 /* Sources */,
				76AD04202A32B87200AB14A5 /* Frameworks */,
				76AD04212A32B87200AB14A5 /* Resources */,
			);
			buildRules = (
			);
			dependencies = (
				76AD04252A32B87200AB14A5 /* PBXTargetDependency */,
			);
			name = ObjectCaptureTests;
			productName = ObjectCaptureTests;
			productReference = 76AD04232A32B87200AB14A5 /* ObjectCaptureTests.xctest */;
			productType = "com.apple.product-type.bundle.unit-test";
		};
		76AD042C2A32B87200AB14A5 /* ObjectCaptureUITests */ = {
			isa = PBXNativeTarget;
			buildConfigurationList = 76AD043D2A32B87200AB14A5 /* Build configuration list for PBXNativeTarget "ObjectCaptureUITests" */;
			buildPhases = (
				76AD04292A32B87200AB14A5 /* Sources */,
				76AD042A2A32B87200AB14A5 /* Frameworks */,
				76AD042B2A32B87200AB14A5 /* Resources */,
			);
			buildRules = (
			);
			dependencies = (
				76AD042F2A32B87200AB14A5 /* PBXTargetDependency */,
			);
			name = ObjectCaptureUITests;
			productName = ObjectCaptureUITests;
			productReference = 76AD042D2A32B87200AB14A5 /* ObjectCaptureUITests.xctest */;
			productType = "com.apple.product-type.bundle.ui-testing";
		};
/* End PBXNativeTarget section */

/* Begin PBXProject section */
		76AD040B2A32B87100AB14A5 /* Project object */ = {
			isa = PBXProject;
			attributes = {
				BuildIndependentTargetsInParallel = 1;
				LastSwiftUpdateCheck = 1500;
				LastUpgradeCheck = 1500;
				TargetAttributes = {
					76AD04122A32B87100AB14A5 = {
						CreatedOnToolsVersion = 15.0;
					};
					76AD04222A32B87200AB14A5 = {
						CreatedOnToolsVersion = 15.0;
						TestTargetID = 76AD04122A32B87100AB14A5;
					};
					76AD042C2A32B87200AB14A5 = {
						CreatedOnToolsVersion = 15.0;
						TestTargetID = 76AD04122A32B87100AB14A5;
					};
				};
			};
			buildConfigurationList = 76AD040E2A32B87100AB14A5 /* Build configuration list for PBXProject "ObjectCapture" */;
			compatibilityVersion = "Xcode 14.0";
			developmentRegion = en;
			hasScannedForEncodings = 0;
			knownRegions = (
				en,
				Base,
				ko,
			);
			mainGroup = 76AD040A2A32B87100AB14A5;
			packageReferences = (
			);
			productRefGroup = 76AD04142A32B87100AB14A5 /* Products */;
			projectDirPath = "";
			projectRoot = "";
			targets = (
				76AD04122A32B87100AB14A5 /* ObjectCapture */,
				76AD04222A32B87200AB14A5 /* ObjectCaptureTests */,
				76AD042C2A32B87200AB14A5 /* ObjectCaptureUITests */,
			);
		};
/* End PBXProject section */

/* Begin PBXResourcesBuildPhase section */
		76AD04112A32B87100AB14A5 /* Resources */ = {
			isa = PBXResourcesBuildPhase;
			buildActionMask = 2147483647;
			files = (
				76AD041E2A32B87200AB14A5 /* Preview Assets.xcassets in Resources */,
				76AD041B2A32B87200AB14A5 /* Assets.xcassets in Resources */,
				76AE013A2A4031DE00C8E584 /* Localizable.xcstrings in Resources */,
			);
			runOnlyForDeploymentPostprocessing = 0;
		};
		76AD04212A32B87200AB14A5 /* Resources */ = {
			isa = PBXResourcesBuildPhase;
			buildActionMask = 2147483647;
			files = (
			);
			runOnlyForDeploymentPostprocessing = 0;
		};
		76AD042B2A32B87200AB14A5 /* Resources */ = {
			isa = PBXResourcesBuildPhase;
			buildActionMask = 2147483647;
			files = (
			);
			runOnlyForDeploymentPostprocessing = 0;
		};
/* End PBXResourcesBuildPhase section */

/* Begin PBXSourcesBuildPhase section */
		76AD040F2A32B87100AB14A5 /* Sources */ = {
			isa = PBXSourcesBuildPhase;
			buildActionMask = 2147483647;
			files = (
				76AE01202A3C354600C8E584 /* CaptureFolderState.swift in Sources */,
				76AD044A2A3325BA00AB14A5 /* ObjectCaptureView.swift in Sources */,
				76AE01162A3C076900C8E584 /* ObjectCaptureSubViews.swift in Sources */,
				76AE00FA2A3BFA1200C8E584 /* ReconstructionProgressView.swift in Sources */,
				76AE01262A3C412400C8E584 /* ARQuicklookView.swift in Sources */,
				76AE01282A3FF62300C8E584 /* Extensions.swift in Sources */,
				76AE01222A3C3AAF00C8E584 /* CaptureInfo.swift in Sources */,
				76AD04192A32B87100AB14A5 /* ContentView.swift in Sources */,
				76AD04172A32B87100AB14A5 /* ObjectCaptureApp.swift in Sources */,
				76AD04412A32DF5100AB14A5 /* ObjectCaptureViewModel.swift in Sources */,
			);
			runOnlyForDeploymentPostprocessing = 0;
		};
		76AD041F2A32B87200AB14A5 /* Sources */ = {
			isa = PBXSourcesBuildPhase;
			buildActionMask = 2147483647;
			files = (
				76AD04282A32B87200AB14A5 /* ObjectCaptureTests.swift in Sources */,
			);
			runOnlyForDeploymentPostprocessing = 0;
		};
		76AD04292A32B87200AB14A5 /* Sources */ = {
			isa = PBXSourcesBuildPhase;
			buildActionMask = 2147483647;
			files = (
				76AD04342A32B87200AB14A5 /* ObjectCaptureUITestsLaunchTests.swift in Sources */,
				76AD04322A32B87200AB14A5 /* ObjectCaptureUITests.swift in Sources */,
			);
			runOnlyForDeploymentPostprocessing = 0;
		};
/* End PBXSourcesBuildPhase section */

/* Begin PBXTargetDependency section */
		76AD04252A32B87200AB14A5 /* PBXTargetDependency */ = {
			isa = PBXTargetDependency;
			target = 76AD04122A32B87100AB14A5 /* ObjectCapture */;
			targetProxy = 76AD04242A32B87200AB14A5 /* PBXContainerItemProxy */;
		};
		76AD042F2A32B87200AB14A5 /* PBXTargetDependency */ = {
			isa = PBXTargetDependency;
			target = 76AD04122A32B87100AB14A5 /* ObjectCapture */;
			targetProxy = 76AD042E2A32B87200AB14A5 /* PBXContainerItemProxy */;
		};
/* End PBXTargetDependency section */

/* Begin XCBuildConfiguration section */
		76AD04352A32B87200AB14A5 /* Debug */ = {
			isa = XCBuildConfiguration;
			buildSettings = {
				ALWAYS_SEARCH_USER_PATHS = NO;
				ASSETCATALOG_COMPILER_GENERATE_SWIFT_ASSET_SYMBOL_EXTENSIONS = YES;
				CLANG_ANALYZER_NONNULL = YES;
				CLANG_ANALYZER_NUMBER_OBJECT_CONVERSION = YES_AGGRESSIVE;
				CLANG_CXX_LANGUAGE_STANDARD = "gnu++20";
				CLANG_ENABLE_MODULES = YES;
				CLANG_ENABLE_OBJC_ARC = YES;
				CLANG_ENABLE_OBJC_WEAK = YES;
				CLANG_WARN_BLOCK_CAPTURE_AUTORELEASING = YES;
				CLANG_WARN_BOOL_CONVERSION = YES;
				CLANG_WARN_COMMA = YES;
				CLANG_WARN_CONSTANT_CONVERSION = YES;
				CLANG_WARN_DEPRECATED_OBJC_IMPLEMENTATIONS = YES;
				CLANG_WARN_DIRECT_OBJC_ISA_USAGE = YES_ERROR;
				CLANG_WARN_DOCUMENTATION_COMMENTS = YES;
				CLANG_WARN_EMPTY_BODY = YES;
				CLANG_WARN_ENUM_CONVERSION = YES;
				CLANG_WARN_INFINITE_RECURSION = YES;
				CLANG_WARN_INT_CONVERSION = YES;
				CLANG_WARN_NON_LITERAL_NULL_CONVERSION = YES;
				CLANG_WARN_OBJC_IMPLICIT_RETAIN_SELF = YES;
				CLANG_WARN_OBJC_LITERAL_CONVERSION = YES;
				CLANG_WARN_OBJC_ROOT_CLASS = YES_ERROR;
				CLANG_WARN_QUOTED_INCLUDE_IN_FRAMEWORK_HEADER = YES;
				CLANG_WARN_RANGE_LOOP_ANALYSIS = YES;
				CLANG_WARN_STRICT_PROTOTYPES = YES;
				CLANG_WARN_SUSPICIOUS_MOVE = YES;
				CLANG_WARN_UNGUARDED_AVAILABILITY = YES_AGGRESSIVE;
				CLANG_WARN_UNREACHABLE_CODE = YES;
				CLANG_WARN__DUPLICATE_METHOD_MATCH = YES;
				COPY_PHASE_STRIP = NO;
				DEBUG_INFORMATION_FORMAT = dwarf;
				ENABLE_STRICT_OBJC_MSGSEND = YES;
				ENABLE_TESTABILITY = YES;
				ENABLE_USER_SCRIPT_SANDBOXING = YES;
				GCC_C_LANGUAGE_STANDARD = gnu17;
				GCC_DYNAMIC_NO_PIC = NO;
				GCC_NO_COMMON_BLOCKS = YES;
				GCC_OPTIMIZATION_LEVEL = 0;
				GCC_PREPROCESSOR_DEFINITIONS = (
					"DEBUG=1",
					"$(inherited)",
				);
				GCC_WARN_64_TO_32_BIT_CONVERSION = YES;
				GCC_WARN_ABOUT_RETURN_TYPE = YES_ERROR;
				GCC_WARN_UNDECLARED_SELECTOR = YES;
				GCC_WARN_UNINITIALIZED_AUTOS = YES_AGGRESSIVE;
				GCC_WARN_UNUSED_FUNCTION = YES;
				GCC_WARN_UNUSED_VARIABLE = YES;
				IPHONEOS_DEPLOYMENT_TARGET = 17.0;
				LOCALIZATION_PREFERS_STRING_CATALOGS = YES;
				MTL_ENABLE_DEBUG_INFO = INCLUDE_SOURCE;
				MTL_FAST_MATH = YES;
				ONLY_ACTIVE_ARCH = YES;
				SDKROOT = iphoneos;
				SWIFT_ACTIVE_COMPILATION_CONDITIONS = "DEBUG $(inherited)";
				SWIFT_OPTIMIZATION_LEVEL = "-Onone";
			};
			name = Debug;
		};
		76AD04362A32B87200AB14A5 /* Release */ = {
			isa = XCBuildConfiguration;
			buildSettings = {
				ALWAYS_SEARCH_USER_PATHS = NO;
				ASSETCATALOG_COMPILER_GENERATE_SWIFT_ASSET_SYMBOL_EXTENSIONS = YES;
				CLANG_ANALYZER_NONNULL = YES;
				CLANG_ANALYZER_NUMBER_OBJECT_CONVERSION = YES_AGGRESSIVE;
				CLANG_CXX_LANGUAGE_STANDARD = "gnu++20";
				CLANG_ENABLE_MODULES = YES;
				CLANG_ENABLE_OBJC_ARC = YES;
				CLANG_ENABLE_OBJC_WEAK = YES;
				CLANG_WARN_BLOCK_CAPTURE_AUTORELEASING = YES;
				CLANG_WARN_BOOL_CONVERSION = YES;
				CLANG_WARN_COMMA = YES;
				CLANG_WARN_CONSTANT_CONVERSION = YES;
				CLANG_WARN_DEPRECATED_OBJC_IMPLEMENTATIONS = YES;
				CLANG_WARN_DIRECT_OBJC_ISA_USAGE = YES_ERROR;
				CLANG_WARN_DOCUMENTATION_COMMENTS = YES;
				CLANG_WARN_EMPTY_BODY = YES;
				CLANG_WARN_ENUM_CONVERSION = YES;
				CLANG_WARN_INFINITE_RECURSION = YES;
				CLANG_WARN_INT_CONVERSION = YES;
				CLANG_WARN_NON_LITERAL_NULL_CONVERSION = YES;
				CLANG_WARN_OBJC_IMPLICIT_RETAIN_SELF = YES;
				CLANG_WARN_OBJC_LITERAL_CONVERSION = YES;
				CLANG_WARN_OBJC_ROOT_CLASS = YES_ERROR;
				CLANG_WARN_QUOTED_INCLUDE_IN_FRAMEWORK_HEADER = YES;
				CLANG_WARN_RANGE_LOOP_ANALYSIS = YES;
				CLANG_WARN_STRICT_PROTOTYPES = YES;
				CLANG_WARN_SUSPICIOUS_MOVE = YES;
				CLANG_WARN_UNGUARDED_AVAILABILITY = YES_AGGRESSIVE;
				CLANG_WARN_UNREACHABLE_CODE = YES;
				CLANG_WARN__DUPLICATE_METHOD_MATCH = YES;
				COPY_PHASE_STRIP = NO;
				DEBUG_INFORMATION_FORMAT = "dwarf-with-dsym";
				ENABLE_NS_ASSERTIONS = NO;
				ENABLE_STRICT_OBJC_MSGSEND = YES;
				ENABLE_USER_SCRIPT_SANDBOXING = YES;
				GCC_C_LANGUAGE_STANDARD = gnu17;
				GCC_NO_COMMON_BLOCKS = YES;
				GCC_WARN_64_TO_32_BIT_CONVERSION = YES;
				GCC_WARN_ABOUT_RETURN_TYPE = YES_ERROR;
				GCC_WARN_UNDECLARED_SELECTOR = YES;
				GCC_WARN_UNINITIALIZED_AUTOS = YES_AGGRESSIVE;
				GCC_WARN_UNUSED_FUNCTION = YES;
				GCC_WARN_UNUSED_VARIABLE = YES;
				IPHONEOS_DEPLOYMENT_TARGET = 17.0;
				LOCALIZATION_PREFERS_STRING_CATALOGS = YES;
				MTL_ENABLE_DEBUG_INFO = NO;
				MTL_FAST_MATH = YES;
				SDKROOT = iphoneos;
				SWIFT_COMPILATION_MODE = wholemodule;
				VALIDATE_PRODUCT = YES;
			};
			name = Release;
		};
		76AD04382A32B87200AB14A5 /* Debug */ = {
			isa = XCBuildConfiguration;
			buildSettings = {
				ASSETCATALOG_COMPILER_APPICON_NAME = AppIcon;
				ASSETCATALOG_COMPILER_GLOBAL_ACCENT_COLOR_NAME = AccentColor;
				CODE_SIGN_STYLE = Automatic;
				CURRENT_PROJECT_VERSION = 1;
				DEVELOPMENT_ASSET_PATHS = "\"ObjectCapture/Preview Content\"";
				DEVELOPMENT_TEAM = LVBMDY357W;
				ENABLE_PREVIEWS = YES;
				GENERATE_INFOPLIST_FILE = YES;
				INFOPLIST_FILE = ObjectCapture/Info.plist;
				INFOPLIST_KEY_NSCameraUsageDescription = "Testing ObjectCaptureSession";
				INFOPLIST_KEY_UIApplicationSceneManifest_Generation = YES;
				INFOPLIST_KEY_UIApplicationSupportsIndirectInputEvents = YES;
				INFOPLIST_KEY_UILaunchScreen_Generation = YES;
				INFOPLIST_KEY_UISupportedInterfaceOrientations_iPad = "UIInterfaceOrientationPortrait UIInterfaceOrientationPortraitUpsideDown UIInterfaceOrientationLandscapeLeft UIInterfaceOrientationLandscapeRight";
				INFOPLIST_KEY_UISupportedInterfaceOrientations_iPhone = "UIInterfaceOrientationPortrait UIInterfaceOrientationLandscapeLeft UIInterfaceOrientationLandscapeRight";
				INFOPLIST_KEY_UISupportsDocumentBrowser = YES;
				LD_RUNPATH_SEARCH_PATHS = (
					"$(inherited)",
					"@executable_path/Frameworks",
				);
				MARKETING_VERSION = 1.0;
				PRODUCT_BUNDLE_IDENTIFIER = com.KKodiac.ObjectCapture;
				PRODUCT_NAME = "$(TARGET_NAME)";
				SWIFT_EMIT_LOC_STRINGS = YES;
				SWIFT_VERSION = 5.0;
				TARGETED_DEVICE_FAMILY = "1,2";
			};
			name = Debug;
		};
		76AD04392A32B87200AB14A5 /* Release */ = {
			isa = XCBuildConfiguration;
			buildSettings = {
				ASSETCATALOG_COMPILER_APPICON_NAME = AppIcon;
				ASSETCATALOG_COMPILER_GLOBAL_ACCENT_COLOR_NAME = AccentColor;
				CODE_SIGN_STYLE = Automatic;
				CURRENT_PROJECT_VERSION = 1;
				DEVELOPMENT_ASSET_PATHS = "\"ObjectCapture/Preview Content\"";
				DEVELOPMENT_TEAM = LVBMDY357W;
				ENABLE_PREVIEWS = YES;
				GENERATE_INFOPLIST_FILE = YES;
				INFOPLIST_FILE = ObjectCapture/Info.plist;
				INFOPLIST_KEY_NSCameraUsageDescription = "Testing ObjectCaptureSession";
				INFOPLIST_KEY_UIApplicationSceneManifest_Generation = YES;
				INFOPLIST_KEY_UIApplicationSupportsIndirectInputEvents = YES;
				INFOPLIST_KEY_UILaunchScreen_Generation = YES;
				INFOPLIST_KEY_UISupportedInterfaceOrientations_iPad = "UIInterfaceOrientationPortrait UIInterfaceOrientationPortraitUpsideDown UIInterfaceOrientationLandscapeLeft UIInterfaceOrientationLandscapeRight";
				INFOPLIST_KEY_UISupportedInterfaceOrientations_iPhone = "UIInterfaceOrientationPortrait UIInterfaceOrientationLandscapeLeft UIInterfaceOrientationLandscapeRight";
				INFOPLIST_KEY_UISupportsDocumentBrowser = YES;
				LD_RUNPATH_SEARCH_PATHS = (
					"$(inherited)",
					"@executable_path/Frameworks",
				);
				MARKETING_VERSION = 1.0;
				PRODUCT_BUNDLE_IDENTIFIER = com.KKodiac.ObjectCapture;
				PRODUCT_NAME = "$(TARGET_NAME)";
				SWIFT_EMIT_LOC_STRINGS = YES;
				SWIFT_VERSION = 5.0;
				TARGETED_DEVICE_FAMILY = "1,2";
			};
			name = Release;
		};
		76AD043B2A32B87200AB14A5 /* Debug */ = {
			isa = XCBuildConfiguration;
			buildSettings = {
				ALWAYS_EMBED_SWIFT_STANDARD_LIBRARIES = YES;
				BUNDLE_LOADER = "$(TEST_HOST)";
				CODE_SIGN_STYLE = Automatic;
				CURRENT_PROJECT_VERSION = 1;
				DEVELOPMENT_TEAM = LVBMDY357W;
				GENERATE_INFOPLIST_FILE = YES;
				IPHONEOS_DEPLOYMENT_TARGET = 17.0;
				MARKETING_VERSION = 1.0;
				PRODUCT_BUNDLE_IDENTIFIER = com.koreadeep.ObjectCaptureTests;
				PRODUCT_NAME = "$(TARGET_NAME)";
				SWIFT_EMIT_LOC_STRINGS = NO;
				SWIFT_VERSION = 5.0;
				TARGETED_DEVICE_FAMILY = "1,2";
				TEST_HOST = "$(BUILT_PRODUCTS_DIR)/ObjectCapture.app/$(BUNDLE_EXECUTABLE_FOLDER_PATH)/ObjectCapture";
			};
			name = Debug;
		};
		76AD043C2A32B87200AB14A5 /* Release */ = {
			isa = XCBuildConfiguration;
			buildSettings = {
				ALWAYS_EMBED_SWIFT_STANDARD_LIBRARIES = YES;
				BUNDLE_LOADER = "$(TEST_HOST)";
				CODE_SIGN_STYLE = Automatic;
				CURRENT_PROJECT_VERSION = 1;
				DEVELOPMENT_TEAM = LVBMDY357W;
				GENERATE_INFOPLIST_FILE = YES;
				IPHONEOS_DEPLOYMENT_TARGET = 17.0;
				MARKETING_VERSION = 1.0;
				PRODUCT_BUNDLE_IDENTIFIER = com.koreadeep.ObjectCaptureTests;
				PRODUCT_NAME = "$(TARGET_NAME)";
				SWIFT_EMIT_LOC_STRINGS = NO;
				SWIFT_VERSION = 5.0;
				TARGETED_DEVICE_FAMILY = "1,2";
				TEST_HOST = "$(BUILT_PRODUCTS_DIR)/ObjectCapture.app/$(BUNDLE_EXECUTABLE_FOLDER_PATH)/ObjectCapture";
			};
			name = Release;
		};
		76AD043E2A32B87200AB14A5 /* Debug */ = {
			isa = XCBuildConfiguration;
			buildSettings = {
				ALWAYS_EMBED_SWIFT_STANDARD_LIBRARIES = YES;
				CODE_SIGN_STYLE = Automatic;
				CURRENT_PROJECT_VERSION = 1;
				DEVELOPMENT_TEAM = LVBMDY357W;
				GENERATE_INFOPLIST_FILE = YES;
				MARKETING_VERSION = 1.0;
				PRODUCT_BUNDLE_IDENTIFIER = com.koreadeep.ObjectCaptureUITests;
				PRODUCT_NAME = "$(TARGET_NAME)";
				SWIFT_EMIT_LOC_STRINGS = NO;
				SWIFT_VERSION = 5.0;
				TARGETED_DEVICE_FAMILY = "1,2";
				TEST_TARGET_NAME = ObjectCapture;
			};
			name = Debug;
		};
		76AD043F2A32B87200AB14A5 /* Release */ = {
			isa = XCBuildConfiguration;
			buildSettings = {
				ALWAYS_EMBED_SWIFT_STANDARD_LIBRARIES = YES;
				CODE_SIGN_STYLE = Automatic;
				CURRENT_PROJECT_VERSION = 1;
				DEVELOPMENT_TEAM = LVBMDY357W;
				GENERATE_INFOPLIST_FILE = YES;
				MARKETING_VERSION = 1.0;
				PRODUCT_BUNDLE_IDENTIFIER = com.koreadeep.ObjectCaptureUITests;
				PRODUCT_NAME = "$(TARGET_NAME)";
				SWIFT_EMIT_LOC_STRINGS = NO;
				SWIFT_VERSION = 5.0;
				TARGETED_DEVICE_FAMILY = "1,2";
				TEST_TARGET_NAME = ObjectCapture;
			};
			name = Release;
		};
/* End XCBuildConfiguration section */

/* Begin XCConfigurationList section */
		76AD040E2A32B87100AB14A5 /* Build configuration list for PBXProject "ObjectCapture" */ = {
			isa = XCConfigurationList;
			buildConfigurations = (
				76AD04352A32B87200AB14A5 /* Debug */,
				76AD04362A32B87200AB14A5 /* Release */,
			);
			defaultConfigurationIsVisible = 0;
			defaultConfigurationName = Debug;
		};
		76AD04372A32B87200AB14A5 /* Build configuration list for PBXNativeTarget "ObjectCapture" */ = {
			isa = XCConfigurationList;
			buildConfigurations = (
				76AD04382A32B87200AB14A5 /* Debug */,
				76AD04392A32B87200AB14A5 /* Release */,
			);
			defaultConfigurationIsVisible = 0;
			defaultConfigurationName = Debug;
		};
		76AD043A2A32B87200AB14A5 /* Build configuration list for PBXNativeTarget "ObjectCaptureTests" */ = {
			isa = XCConfigurationList;
			buildConfigurations = (
				76AD043B2A32B87200AB14A5 /* Debug */,
				76AD043C2A32B87200AB14A5 /* Release */,
			);
			defaultConfigurationIsVisible = 0;
			defaultConfigurationName = Debug;
		};
		76AD043D2A32B87200AB14A5 /* Build configuration list for PBXNativeTarget "ObjectCaptureUITests" */ = {
			isa = XCConfigurationList;
			buildConfigurations = (
				76AD043E2A32B87200AB14A5 /* Debug */,
				76AD043F2A32B87200AB14A5 /* Release */,
			);
			defaultConfigurationIsVisible = 0;
			defaultConfigurationName = Debug;
		};
/* End XCConfigurationList section */
	};
	rootObject = 76AD040B2A32B87100AB14A5 /* Project object */;
}
